
Microsoft Visual Studio Solution File, Format Version 12.00
# Visual Studio Version 16
VisualStudioVersion = 16.0.31729.503
MinimumVisualStudioVersion = 10.0.40219.1
Project("{8BC9CEB8-8B4A-11D0-8D11-00A0C91BC942}") = "Deranos", "Deranos\Deranos.vcxproj", "{11C5166A-7DA4-9505-86BC-20DCF21AFC66}"
EndProject
Global
	GlobalSection(SolutionConfigurationPlatforms) = preSolution
		Debug|x64 = Debug|x64
		Release|x64 = Release|x64
	EndGlobalSection
	GlobalSection(ProjectConfigurationPlatforms) = postSolution
		{11C5166A-7DA4-9505-86BC-20DCF21AFC66}.Debug|x64.ActiveCfg = Debug|x64
		{11C5166A-7DA4-9505-86BC-20DCF21AFC66}.Debug|x64.Build.0 = Debug|x64
		{11C5166A-7DA4-9505-86BC-20DCF21AFC66}.Release|x64.ActiveCfg = Release|x64
		{11C5166A-7DA4-9505-86BC-20DCF21AFC66}.Release|x64.Build.0 = Release|x64
	EndGlobalSection
	GlobalSection(SolutionProperties) = preSolution
		HideSolutionNode = FALSE
	EndGlobalSection
	GlobalSection(ExtensibilityGlobals) = postSolution
		SolutionGuid = {C191A339-8CBA-4E32-B234-2FD4AE8D82A4}
	EndGlobalSection
EndGlobal
