
Microsoft Visual Studio Solution File, Format Version 12.00
# Visual Studio Version 16
VisualStudioVersion = 16.0.31729.503
MinimumVisualStudioVersion = 10.0.40219.1
Project("{8BC9CEB8-8B4A-11D0-8D11-00A0C91BC942}") = "Deranos", "Deranos.vcxproj", "{41664B14-1955-4F8E-85D8-6F5D79740A91}"
EndProject
Global
	GlobalSection(SolutionConfigurationPlatforms) = preSolution
		Debug|x64 = Debug|x64
		Release|x64 = Release|x64
	EndGlobalSection
	GlobalSection(ProjectConfigurationPlatforms) = postSolution
		{41664B14-1955-4F8E-85D8-6F5D79740A91}.Debug|x64.ActiveCfg = Debug|x64
		{41664B14-1955-4F8E-85D8-6F5D79740A91}.Debug|x64.Build.0 = Debug|x64
		{41664B14-1955-4F8E-85D8-6F5D79740A91}.Release|x64.ActiveCfg = Release|x64
		{41664B14-1955-4F8E-85D8-6F5D79740A91}.Release|x64.Build.0 = Release|x64
	EndGlobalSection
	GlobalSection(SolutionProperties) = preSolution
		HideSolutionNode = FALSE
	EndGlobalSection
	GlobalSection(ExtensibilityGlobals) = postSolution
		SolutionGuid = {22603D72-47E2-4A83-A4A3-B5A01E4F3B73}
	EndGlobalSection
EndGlobal
